<Solution>
  <Folder Name="/src/">
    <Project Path="src/ConfHub.Api/ConfHub.Api.csproj" />
    <Project Path="src/ConfHub.Application/ConfHub.Application.csproj" />
    <Project Path="src/ConfHub.Domain/ConfHub.Domain.csproj" />
    <Project Path="src/ConfHub.Infrastructure/ConfHub.Infrastructure.csproj" />
    <Project Path="src/ConfHub.Scheduling/ConfHub.Scheduling.csproj" />
  </Folder>
  <Folder Name="/tests/">
    <Project Path="tests/ConfHub.Api.IntegrationTests/ConfHub.Api.IntegrationTests.csproj" />
    <Project Path="tests/ConfHub.Application.Tests/ConfHub.Application.Tests.csproj" />
  </Folder>
</Solution>
